
Microsoft Visual Studio Solution File, Format Version 12.00
# Visual Studio Version 16
VisualStudioVersion = 16.0.31105.61
MinimumVisualStudioVersion = 10.0.40219.1
Project("{FAE04EC0-301F-11D3-BF4B-00C04F79EFBC}") = "SocialMedia.API", "SocialMedia.API.csproj", "{E6D42AEC-6EEF-453F-A4E3-CE2F0AA89C9C}"
EndProject
Project("{FAE04EC0-301F-11D3-BF4B-00C04F79EFBC}") = "SocialMedia.Core", "..\SocialMedia.Core\SocialMedia.Core.csproj", "{6D5E5E92-D0C3-4652-81D1-A84072728AE2}"
EndProject
Project("{FAE04EC0-301F-11D3-BF4B-00C04F79EFBC}") = "SocialMedia.Infrastructure", "..\SocialMedia.Infrastructure\SocialMedia.Infrastructure.csproj", "{B61064B4-6F5F-4F24-8F93-306D0090706D}"
EndProject
Global
	GlobalSection(SolutionConfigurationPlatforms) = preSolution
		Debug|Any CPU = Debug|Any CPU
		Release|Any CPU = Release|Any CPU
	EndGlobalSection
	GlobalSection(ProjectConfigurationPlatforms) = postSolution
		{E6D42AEC-6EEF-453F-A4E3-CE2F0AA89C9C}.Debug|Any CPU.ActiveCfg = Debug|Any CPU
		{E6D42AEC-6EEF-453F-A4E3-CE2F0AA89C9C}.Debug|Any CPU.Build.0 = Debug|Any CPU
		{E6D42AEC-6EEF-453F-A4E3-CE2F0AA89C9C}.Release|Any CPU.ActiveCfg = Release|Any CPU
		{E6D42AEC-6EEF-453F-A4E3-CE2F0AA89C9C}.Release|Any CPU.Build.0 = Release|Any CPU
		{6D5E5E92-D0C3-4652-81D1-A84072728AE2}.Debug|Any CPU.ActiveCfg = Debug|Any CPU
		{6D5E5E92-D0C3-4652-81D1-A84072728AE2}.Debug|Any CPU.Build.0 = Debug|Any CPU
		{6D5E5E92-D0C3-4652-81D1-A84072728AE2}.Release|Any CPU.ActiveCfg = Release|Any CPU
		{6D5E5E92-D0C3-4652-81D1-A84072728AE2}.Release|Any CPU.Build.0 = Release|Any CPU
		{B61064B4-6F5F-4F24-8F93-306D0090706D}.Debug|Any CPU.ActiveCfg = Debug|Any CPU
		{B61064B4-6F5F-4F24-8F93-306D0090706D}.Debug|Any CPU.Build.0 = Debug|Any CPU
		{B61064B4-6F5F-4F24-8F93-306D0090706D}.Release|Any CPU.ActiveCfg = Release|Any CPU
		{B61064B4-6F5F-4F24-8F93-306D0090706D}.Release|Any CPU.Build.0 = Release|Any CPU
	EndGlobalSection
	GlobalSection(SolutionProperties) = preSolution
		HideSolutionNode = FALSE
	EndGlobalSection
	GlobalSection(ExtensibilityGlobals) = postSolution
		SolutionGuid = {7AD4BBCA-A647-41ED-B3C3-B795DA1C3E05}
	EndGlobalSection
EndGlobal
